
Microsoft Visual Studio Solution File, Format Version 12.00
# Visual Studio Version 16
VisualStudioVersion = 16.0.34031.81
MinimumVisualStudioVersion = 10.0.40219.1
Project("{FAE04EC0-301F-11D3-BF4B-00C04F79EFBC}") = "ObserverPattern", "ObserverPattern\ObserverPattern.csproj", "{C8B50E8A-B239-4A29-A17A-19493A285933}"
EndProject
Global
	GlobalSection(SolutionConfigurationPlatforms) = preSolution
		Debug|Any CPU = Debug|Any CPU
		Release|Any CPU = Release|Any CPU
	EndGlobalSection
	GlobalSection(ProjectConfigurationPlatforms) = postSolution
		{C8B50E8A-B239-4A29-A17A-19493A285933}.Debug|Any CPU.ActiveCfg = Debug|Any CPU
		{C8B50E8A-B239-4A29-A17A-19493A285933}.Debug|Any CPU.Build.0 = Debug|Any CPU
		{C8B50E8A-B239-4A29-A17A-19493A285933}.Release|Any CPU.ActiveCfg = Release|Any CPU
		{C8B50E8A-B239-4A29-A17A-19493A285933}.Release|Any CPU.Build.0 = Release|Any CPU
	EndGlobalSection
	GlobalSection(SolutionProperties) = preSolution
		HideSolutionNode = FALSE
	EndGlobalSection
	GlobalSection(ExtensibilityGlobals) = postSolution
		SolutionGuid = {E3E8759E-1A1C-4D1B-A70B-CF1BE05E31FC}
	EndGlobalSection
EndGlobal
